
Microsoft Visual Studio Solution File, Format Version 12.00
# Visual Studio Version 17
VisualStudioVersion = 17.9.34723.18
MinimumVisualStudioVersion = 10.0.40219.1
Project("{9A19103F-16F7-4668-BE54-9A1E7A4F7556}") = "SOAExample.Model", "SOAExample.Model\SOAExample.Model.csproj", "{B0904FBF-E16F-48F3-BF52-DAE2B4E9B05E}"
EndProject
Project("{9A19103F-16F7-4668-BE54-9A1E7A4F7556}") = "SOAExample.Repository", "SOAExample.Repository\SOAExample.Repository.csproj", "{6D8272EF-4C0D-4855-B00D-9ABC9755F72B}"
EndProject
Project("{2150E333-8FDC-42A3-9474-1A3956D46DE8}") = "WCF", "WCF", "{1BB16DF7-84E8-4D5C-A1B6-1CA594CE6F3B}"
EndProject
Project("{9A19103F-16F7-4668-BE54-9A1E7A4F7556}") = "SOAExample.WCF.DataContract", "SOAExample.WCF.DataContract\SOAExample.WCF.DataContract.csproj", "{B4DFF4A8-9CA7-4BA2-8DFD-BF6DA9E4FE1D}"
EndProject
Project("{9A19103F-16F7-4668-BE54-9A1E7A4F7556}") = "SOAExample.WCF.ServiceContract", "SOAExample.WCF.ServiceContract\SOAExample.WCF.ServiceContract.csproj", "{132D829B-EF9A-4027-80B5-C0C7F77E6CAD}"
EndProject
Project("{9A19103F-16F7-4668-BE54-9A1E7A4F7556}") = "SOAExample.WCF.Service", "SOAExample.WCF.Service\SOAExample.WCF.Service.csproj", "{181FC9AD-C1FA-493E-9C02-C0A83ACF1537}"
EndProject
Project("{FAE04EC0-301F-11D3-BF4B-00C04F79EFBC}") = "SOAExample.WCF.ServiceHost", "SOAExample.WCF.ServiceHost\SOAExample.WCF.ServiceHost.csproj", "{902A5EBC-D2E5-4D94-81C2-E54DF808DA5B}"
EndProject
Global
	GlobalSection(SolutionConfigurationPlatforms) = preSolution
		Debug|Any CPU = Debug|Any CPU
		Release|Any CPU = Release|Any CPU
	EndGlobalSection
	GlobalSection(ProjectConfigurationPlatforms) = postSolution
		{B0904FBF-E16F-48F3-BF52-DAE2B4E9B05E}.Debug|Any CPU.ActiveCfg = Debug|Any CPU
		{B0904FBF-E16F-48F3-BF52-DAE2B4E9B05E}.Debug|Any CPU.Build.0 = Debug|Any CPU
		{B0904FBF-E16F-48F3-BF52-DAE2B4E9B05E}.Release|Any CPU.ActiveCfg = Release|Any CPU
		{B0904FBF-E16F-48F3-BF52-DAE2B4E9B05E}.Release|Any CPU.Build.0 = Release|Any CPU
		{6D8272EF-4C0D-4855-B00D-9ABC9755F72B}.Debug|Any CPU.ActiveCfg = Debug|Any CPU
		{6D8272EF-4C0D-4855-B00D-9ABC9755F72B}.Debug|Any CPU.Build.0 = Debug|Any CPU
		{6D8272EF-4C0D-4855-B00D-9ABC9755F72B}.Release|Any CPU.ActiveCfg = Release|Any CPU
		{6D8272EF-4C0D-4855-B00D-9ABC9755F72B}.Release|Any CPU.Build.0 = Release|Any CPU
		{B4DFF4A8-9CA7-4BA2-8DFD-BF6DA9E4FE1D}.Debug|Any CPU.ActiveCfg = Debug|Any CPU
		{B4DFF4A8-9CA7-4BA2-8DFD-BF6DA9E4FE1D}.Debug|Any CPU.Build.0 = Debug|Any CPU
		{B4DFF4A8-9CA7-4BA2-8DFD-BF6DA9E4FE1D}.Release|Any CPU.ActiveCfg = Release|Any CPU
		{B4DFF4A8-9CA7-4BA2-8DFD-BF6DA9E4FE1D}.Release|Any CPU.Build.0 = Release|Any CPU
		{132D829B-EF9A-4027-80B5-C0C7F77E6CAD}.Debug|Any CPU.ActiveCfg = Debug|Any CPU
		{132D829B-EF9A-4027-80B5-C0C7F77E6CAD}.Debug|Any CPU.Build.0 = Debug|Any CPU
		{132D829B-EF9A-4027-80B5-C0C7F77E6CAD}.Release|Any CPU.ActiveCfg = Release|Any CPU
		{132D829B-EF9A-4027-80B5-C0C7F77E6CAD}.Release|Any CPU.Build.0 = Release|Any CPU
		{181FC9AD-C1FA-493E-9C02-C0A83ACF1537}.Debug|Any CPU.ActiveCfg = Debug|Any CPU
		{181FC9AD-C1FA-493E-9C02-C0A83ACF1537}.Debug|Any CPU.Build.0 = Debug|Any CPU
		{181FC9AD-C1FA-493E-9C02-C0A83ACF1537}.Release|Any CPU.ActiveCfg = Release|Any CPU
		{181FC9AD-C1FA-493E-9C02-C0A83ACF1537}.Release|Any CPU.Build.0 = Release|Any CPU
		{902A5EBC-D2E5-4D94-81C2-E54DF808DA5B}.Debug|Any CPU.ActiveCfg = Debug|Any CPU
		{902A5EBC-D2E5-4D94-81C2-E54DF808DA5B}.Debug|Any CPU.Build.0 = Debug|Any CPU
		{902A5EBC-D2E5-4D94-81C2-E54DF808DA5B}.Release|Any CPU.ActiveCfg = Release|Any CPU
		{902A5EBC-D2E5-4D94-81C2-E54DF808DA5B}.Release|Any CPU.Build.0 = Release|Any CPU
	EndGlobalSection
	GlobalSection(SolutionProperties) = preSolution
		HideSolutionNode = FALSE
	EndGlobalSection
	GlobalSection(NestedProjects) = preSolution
		{B4DFF4A8-9CA7-4BA2-8DFD-BF6DA9E4FE1D} = {1BB16DF7-84E8-4D5C-A1B6-1CA594CE6F3B}
		{132D829B-EF9A-4027-80B5-C0C7F77E6CAD} = {1BB16DF7-84E8-4D5C-A1B6-1CA594CE6F3B}
		{181FC9AD-C1FA-493E-9C02-C0A83ACF1537} = {1BB16DF7-84E8-4D5C-A1B6-1CA594CE6F3B}
		{902A5EBC-D2E5-4D94-81C2-E54DF808DA5B} = {1BB16DF7-84E8-4D5C-A1B6-1CA594CE6F3B}
	EndGlobalSection
	GlobalSection(ExtensibilityGlobals) = postSolution
		SolutionGuid = {F36DED7A-729F-4A7E-8138-6F3D452876AF}
	EndGlobalSection
EndGlobal
