
Microsoft Visual Studio Solution File, Format Version 12.00
# Visual Studio Version 17
VisualStudioVersion = 17.7.34221.43
MinimumVisualStudioVersion = 10.0.40219.1
Project("{9A19103F-16F7-4668-BE54-9A1E7A4F7556}") = "DDDSandbox.Web", "DDDSandbox.Web\DDDSandbox.Web.csproj", "{A95004E6-428E-45B8-B715-10843925CDB1}"
EndProject
Project("{9A19103F-16F7-4668-BE54-9A1E7A4F7556}") = "DDDSandbox.API", "DDDSandbox.API\DDDSandbox.API.csproj", "{195286D6-4C7D-419A-BA98-A26F647D2FB0}"
EndProject
Project("{FAE04EC0-301F-11D3-BF4B-00C04F79EFBC}") = "DDDSandbox.Messages", "DDDSandbox.Messages\DDDSandbox.Messages.csproj", "{2187B790-FF07-4B3E-9B60-F6ABF1F17061}"
EndProject
Global
	GlobalSection(SolutionConfigurationPlatforms) = preSolution
		Debug|Any CPU = Debug|Any CPU
		Release|Any CPU = Release|Any CPU
	EndGlobalSection
	GlobalSection(ProjectConfigurationPlatforms) = postSolution
		{A95004E6-428E-45B8-B715-10843925CDB1}.Debug|Any CPU.ActiveCfg = Debug|Any CPU
		{A95004E6-428E-45B8-B715-10843925CDB1}.Debug|Any CPU.Build.0 = Debug|Any CPU
		{A95004E6-428E-45B8-B715-10843925CDB1}.Release|Any CPU.ActiveCfg = Release|Any CPU
		{A95004E6-428E-45B8-B715-10843925CDB1}.Release|Any CPU.Build.0 = Release|Any CPU
		{195286D6-4C7D-419A-BA98-A26F647D2FB0}.Debug|Any CPU.ActiveCfg = Debug|Any CPU
		{195286D6-4C7D-419A-BA98-A26F647D2FB0}.Debug|Any CPU.Build.0 = Debug|Any CPU
		{195286D6-4C7D-419A-BA98-A26F647D2FB0}.Release|Any CPU.ActiveCfg = Release|Any CPU
		{195286D6-4C7D-419A-BA98-A26F647D2FB0}.Release|Any CPU.Build.0 = Release|Any CPU
		{2187B790-FF07-4B3E-9B60-F6ABF1F17061}.Debug|Any CPU.ActiveCfg = Debug|Any CPU
		{2187B790-FF07-4B3E-9B60-F6ABF1F17061}.Debug|Any CPU.Build.0 = Debug|Any CPU
		{2187B790-FF07-4B3E-9B60-F6ABF1F17061}.Release|Any CPU.ActiveCfg = Release|Any CPU
		{2187B790-FF07-4B3E-9B60-F6ABF1F17061}.Release|Any CPU.Build.0 = Release|Any CPU
	EndGlobalSection
	GlobalSection(SolutionProperties) = preSolution
		HideSolutionNode = FALSE
	EndGlobalSection
	GlobalSection(ExtensibilityGlobals) = postSolution
		SolutionGuid = {EE41C2AD-FE19-4039-8278-B9224553E3D1}
	EndGlobalSection
EndGlobal
