
Microsoft Visual Studio Solution File, Format Version 12.00
# Visual Studio Version 17
VisualStudioVersion = 17.7.34221.43
MinimumVisualStudioVersion = 10.0.40219.1
Project("{9A19103F-16F7-4668-BE54-9A1E7A4F7556}") = "DDDSandbox.Web", "DDDSandbox.Web\DDDSandbox.Web.csproj", "{A95004E6-428E-45B8-B715-10843925CDB1}"
EndProject
Project("{9A19103F-16F7-4668-BE54-9A1E7A4F7556}") = "DDDSandbox.API", "DDDSandbox.API\DDDSandbox.API.csproj", "{195286D6-4C7D-419A-BA98-A26F647D2FB0}"
EndProject
Project("{9A19103F-16F7-4668-BE54-9A1E7A4F7556}") = "DDDSandbox.Messages", "DDDSandbox.Messages\DDDSandbox.Messages.csproj", "{2187B790-FF07-4B3E-9B60-F6ABF1F17061}"
EndProject
Project("{9A19103F-16F7-4668-BE54-9A1E7A4F7556}") = "DDDSandbox.Endpoint", "DDDSandbox.Endpoint\DDDSandbox.Endpoint.csproj", "{FE16DEFD-0492-4D14-9750-593F2E86DC4D}"
EndProject
Project("{9A19103F-16F7-4668-BE54-9A1E7A4F7556}") = "DDDSandbox.Subscriber", "DDDSandbox.Subscriber\DDDSandbox.Subscriber.csproj", "{B3E30420-60B6-43C9-866B-BE7DB5C71F6E}"
EndProject
Project("{9A19103F-16F7-4668-BE54-9A1E7A4F7556}") = "DDDSandbox.Billing.Messages", "DDDSandbox.Billing.Messages\DDDSandbox.Billing.Messages.csproj", "{512F8D6A-2DB2-41A3-8CE0-C524EE55D539}"
EndProject
Project("{9A19103F-16F7-4668-BE54-9A1E7A4F7556}") = "DDDSandbox.Billing.Payments.PaymentAccepted", "DDDSandbox.Billing.Payments.PaymentAccepted\DDDSandbox.Billing.Payments.PaymentAccepted.csproj", "{B23EBB82-F699-41AB-B8BE-DB6F3DFA6B3D}"
EndProject
Project("{9A19103F-16F7-4668-BE54-9A1E7A4F7556}") = "DDDSandbox.Shipping.BusinessCustomers.ShippingArranged", "DDDSandbox.Shipping.BusinessCustomers.ShippingArranged\DDDSandbox.Shipping.BusinessCustomers.ShippingArranged.csproj", "{22A5A7F1-44B8-4579-9F76-93CA9376FB5F}"
EndProject
Project("{9A19103F-16F7-4668-BE54-9A1E7A4F7556}") = "DDDSandbox.Shipping.Messages", "DDDSandbox.Shipping.Messages\DDDSandbox.Shipping.Messages.csproj", "{412E706E-5DF9-4CAC-B061-E12319EC52A7}"
EndProject
Project("{2150E333-8FDC-42A3-9474-1A3956D46DE8}") = "Run", "Run", "{2091D23E-C636-46C6-9999-10FBE01CF2DD}"
	ProjectSection(SolutionItems) = preProject
		run.bat = run.bat
	EndProjectSection
EndProject
Project("{9A19103F-16F7-4668-BE54-9A1E7A4F7556}") = "DDDSandbox.Sales.Messages", "DDDSandbox.Sales.Messages\DDDSandbox.Sales.Messages.csproj", "{1998D233-F900-4B0D-BFBF-8E8749832FC8}"
EndProject
Project("{9A19103F-16F7-4668-BE54-9A1E7A4F7556}") = "DDDSandbox.Sales.Orders.OrderCreated", "DDDSandbox.Sales.Orders.OrderCreated\DDDSandbox.Sales.Orders.OrderCreated.csproj", "{2290E290-0E44-408B-8C50-2869BDC0EEE4}"
EndProject
Global
	GlobalSection(SolutionConfigurationPlatforms) = preSolution
		Debug|Any CPU = Debug|Any CPU
		Release|Any CPU = Release|Any CPU
	EndGlobalSection
	GlobalSection(ProjectConfigurationPlatforms) = postSolution
		{A95004E6-428E-45B8-B715-10843925CDB1}.Debug|Any CPU.ActiveCfg = Debug|Any CPU
		{A95004E6-428E-45B8-B715-10843925CDB1}.Debug|Any CPU.Build.0 = Debug|Any CPU
		{A95004E6-428E-45B8-B715-10843925CDB1}.Release|Any CPU.ActiveCfg = Release|Any CPU
		{A95004E6-428E-45B8-B715-10843925CDB1}.Release|Any CPU.Build.0 = Release|Any CPU
		{195286D6-4C7D-419A-BA98-A26F647D2FB0}.Debug|Any CPU.ActiveCfg = Debug|Any CPU
		{195286D6-4C7D-419A-BA98-A26F647D2FB0}.Debug|Any CPU.Build.0 = Debug|Any CPU
		{195286D6-4C7D-419A-BA98-A26F647D2FB0}.Release|Any CPU.ActiveCfg = Release|Any CPU
		{195286D6-4C7D-419A-BA98-A26F647D2FB0}.Release|Any CPU.Build.0 = Release|Any CPU
		{2187B790-FF07-4B3E-9B60-F6ABF1F17061}.Debug|Any CPU.ActiveCfg = Debug|Any CPU
		{2187B790-FF07-4B3E-9B60-F6ABF1F17061}.Debug|Any CPU.Build.0 = Debug|Any CPU
		{2187B790-FF07-4B3E-9B60-F6ABF1F17061}.Release|Any CPU.ActiveCfg = Release|Any CPU
		{2187B790-FF07-4B3E-9B60-F6ABF1F17061}.Release|Any CPU.Build.0 = Release|Any CPU
		{FE16DEFD-0492-4D14-9750-593F2E86DC4D}.Debug|Any CPU.ActiveCfg = Debug|Any CPU
		{FE16DEFD-0492-4D14-9750-593F2E86DC4D}.Debug|Any CPU.Build.0 = Debug|Any CPU
		{FE16DEFD-0492-4D14-9750-593F2E86DC4D}.Release|Any CPU.ActiveCfg = Release|Any CPU
		{FE16DEFD-0492-4D14-9750-593F2E86DC4D}.Release|Any CPU.Build.0 = Release|Any CPU
		{B3E30420-60B6-43C9-866B-BE7DB5C71F6E}.Debug|Any CPU.ActiveCfg = Debug|Any CPU
		{B3E30420-60B6-43C9-866B-BE7DB5C71F6E}.Debug|Any CPU.Build.0 = Debug|Any CPU
		{B3E30420-60B6-43C9-866B-BE7DB5C71F6E}.Release|Any CPU.ActiveCfg = Release|Any CPU
		{B3E30420-60B6-43C9-866B-BE7DB5C71F6E}.Release|Any CPU.Build.0 = Release|Any CPU
		{512F8D6A-2DB2-41A3-8CE0-C524EE55D539}.Debug|Any CPU.ActiveCfg = Debug|Any CPU
		{512F8D6A-2DB2-41A3-8CE0-C524EE55D539}.Debug|Any CPU.Build.0 = Debug|Any CPU
		{512F8D6A-2DB2-41A3-8CE0-C524EE55D539}.Release|Any CPU.ActiveCfg = Release|Any CPU
		{512F8D6A-2DB2-41A3-8CE0-C524EE55D539}.Release|Any CPU.Build.0 = Release|Any CPU
		{B23EBB82-F699-41AB-B8BE-DB6F3DFA6B3D}.Debug|Any CPU.ActiveCfg = Debug|Any CPU
		{B23EBB82-F699-41AB-B8BE-DB6F3DFA6B3D}.Debug|Any CPU.Build.0 = Debug|Any CPU
		{B23EBB82-F699-41AB-B8BE-DB6F3DFA6B3D}.Release|Any CPU.ActiveCfg = Release|Any CPU
		{B23EBB82-F699-41AB-B8BE-DB6F3DFA6B3D}.Release|Any CPU.Build.0 = Release|Any CPU
		{22A5A7F1-44B8-4579-9F76-93CA9376FB5F}.Debug|Any CPU.ActiveCfg = Debug|Any CPU
		{22A5A7F1-44B8-4579-9F76-93CA9376FB5F}.Debug|Any CPU.Build.0 = Debug|Any CPU
		{22A5A7F1-44B8-4579-9F76-93CA9376FB5F}.Release|Any CPU.ActiveCfg = Release|Any CPU
		{22A5A7F1-44B8-4579-9F76-93CA9376FB5F}.Release|Any CPU.Build.0 = Release|Any CPU
		{412E706E-5DF9-4CAC-B061-E12319EC52A7}.Debug|Any CPU.ActiveCfg = Debug|Any CPU
		{412E706E-5DF9-4CAC-B061-E12319EC52A7}.Debug|Any CPU.Build.0 = Debug|Any CPU
		{412E706E-5DF9-4CAC-B061-E12319EC52A7}.Release|Any CPU.ActiveCfg = Release|Any CPU
		{412E706E-5DF9-4CAC-B061-E12319EC52A7}.Release|Any CPU.Build.0 = Release|Any CPU
		{1998D233-F900-4B0D-BFBF-8E8749832FC8}.Debug|Any CPU.ActiveCfg = Debug|Any CPU
		{1998D233-F900-4B0D-BFBF-8E8749832FC8}.Debug|Any CPU.Build.0 = Debug|Any CPU
		{1998D233-F900-4B0D-BFBF-8E8749832FC8}.Release|Any CPU.ActiveCfg = Release|Any CPU
		{1998D233-F900-4B0D-BFBF-8E8749832FC8}.Release|Any CPU.Build.0 = Release|Any CPU
		{2290E290-0E44-408B-8C50-2869BDC0EEE4}.Debug|Any CPU.ActiveCfg = Debug|Any CPU
		{2290E290-0E44-408B-8C50-2869BDC0EEE4}.Debug|Any CPU.Build.0 = Debug|Any CPU
		{2290E290-0E44-408B-8C50-2869BDC0EEE4}.Release|Any CPU.ActiveCfg = Release|Any CPU
		{2290E290-0E44-408B-8C50-2869BDC0EEE4}.Release|Any CPU.Build.0 = Release|Any CPU
	EndGlobalSection
	GlobalSection(SolutionProperties) = preSolution
		HideSolutionNode = FALSE
	EndGlobalSection
	GlobalSection(ExtensibilityGlobals) = postSolution
		SolutionGuid = {EE41C2AD-FE19-4039-8278-B9224553E3D1}
	EndGlobalSection
EndGlobal
