
Microsoft Visual Studio Solution File, Format Version 12.00
# Visual Studio Version 17
VisualStudioVersion = 17.9.34723.18
MinimumVisualStudioVersion = 10.0.40219.1
Project("{9A19103F-16F7-4668-BE54-9A1E7A4F7556}") = "ActiveRecord.Web", "ActiveRecord.Web\ActiveRecord.Web.csproj", "{F8887770-708A-4E6A-8B6E-3E91788A7C27}"
EndProject
Project("{9A19103F-16F7-4668-BE54-9A1E7A4F7556}") = "ActiveRecord.Model", "ActiveRecord.Model\ActiveRecord.Model.csproj", "{54B09B3E-7921-4AD7-BBC4-28B97B9F980B}"
EndProject
Project("{2150E333-8FDC-42A3-9474-1A3956D46DE8}") = "Scripts", "Scripts", "{99AD5E47-3ADE-45B7-B8CD-D847E5967854}"
	ProjectSection(SolutionItems) = preProject
		Comments_FindAll.sql = Comments_FindAll.sql
		Comments_SAVE.sql = Comments_SAVE.sql
		CreateBlogDB.sql = CreateBlogDB.sql
	EndProjectSection
EndProject
Global
	GlobalSection(SolutionConfigurationPlatforms) = preSolution
		Debug|Any CPU = Debug|Any CPU
		Release|Any CPU = Release|Any CPU
	EndGlobalSection
	GlobalSection(ProjectConfigurationPlatforms) = postSolution
		{F8887770-708A-4E6A-8B6E-3E91788A7C27}.Debug|Any CPU.ActiveCfg = Debug|Any CPU
		{F8887770-708A-4E6A-8B6E-3E91788A7C27}.Debug|Any CPU.Build.0 = Debug|Any CPU
		{F8887770-708A-4E6A-8B6E-3E91788A7C27}.Release|Any CPU.ActiveCfg = Release|Any CPU
		{F8887770-708A-4E6A-8B6E-3E91788A7C27}.Release|Any CPU.Build.0 = Release|Any CPU
		{54B09B3E-7921-4AD7-BBC4-28B97B9F980B}.Debug|Any CPU.ActiveCfg = Debug|Any CPU
		{54B09B3E-7921-4AD7-BBC4-28B97B9F980B}.Debug|Any CPU.Build.0 = Debug|Any CPU
		{54B09B3E-7921-4AD7-BBC4-28B97B9F980B}.Release|Any CPU.ActiveCfg = Release|Any CPU
		{54B09B3E-7921-4AD7-BBC4-28B97B9F980B}.Release|Any CPU.Build.0 = Release|Any CPU
	EndGlobalSection
	GlobalSection(SolutionProperties) = preSolution
		HideSolutionNode = FALSE
	EndGlobalSection
	GlobalSection(ExtensibilityGlobals) = postSolution
		SolutionGuid = {2AA72C8E-8382-460F-86EC-8EFB77B39E97}
	EndGlobalSection
EndGlobal
